
Microsoft Visual Studio Solution File, Format Version 12.00
# Visual Studio Version 16
VisualStudioVersion = 16.0.30011.22
MinimumVisualStudioVersion = 10.0.40219.1
Project("{00D1A9C2-B5F0-4AF3-8072-F6C62B433612}") = "Database", "Database\Database.sqlproj", "{915D5C57-98BF-4110-B169-D6DA21B81EE6}"
EndProject
Global
	GlobalSection(SolutionConfigurationPlatforms) = preSolution
		Debug|Any CPU = Debug|Any CPU
		Release|Any CPU = Release|Any CPU
	EndGlobalSection
	GlobalSection(ProjectConfigurationPlatforms) = postSolution
		{915D5C57-98BF-4110-B169-D6DA21B81EE6}.Debug|Any CPU.ActiveCfg = Debug|Any CPU
		{915D5C57-98BF-4110-B169-D6DA21B81EE6}.Debug|Any CPU.Build.0 = Debug|Any CPU
		{915D5C57-98BF-4110-B169-D6DA21B81EE6}.Debug|Any CPU.Deploy.0 = Debug|Any CPU
		{915D5C57-98BF-4110-B169-D6DA21B81EE6}.Release|Any CPU.ActiveCfg = Release|Any CPU
		{915D5C57-98BF-4110-B169-D6DA21B81EE6}.Release|Any CPU.Build.0 = Release|Any CPU
		{915D5C57-98BF-4110-B169-D6DA21B81EE6}.Release|Any CPU.Deploy.0 = Release|Any CPU
	EndGlobalSection
	GlobalSection(SolutionProperties) = preSolution
		HideSolutionNode = FALSE
	EndGlobalSection
	GlobalSection(ExtensibilityGlobals) = postSolution
		SolutionGuid = {3EB30032-F563-40F6-8F28-CD91841630AD}
	EndGlobalSection
EndGlobal
